
Microsoft Visual Studio Solution File, Format Version 11.00
# Visual Studio 2010
Project("{FAE04EC0-301F-11D3-BF4B-00C04F79EFBC}") = "Sistema", "Sistema\Sistema.csproj", "{EEF772F5-16A3-4664-9661-669E441B52D1}"
EndProject
Global
	GlobalSection(SolutionConfigurationPlatforms) = preSolution
		Debug|Any CPU = Debug|Any CPU
		Release|Any CPU = Release|Any CPU
	EndGlobalSection
	GlobalSection(ProjectConfigurationPlatforms) = postSolution
		{EEF772F5-16A3-4664-9661-669E441B52D1}.Debug|Any CPU.ActiveCfg = Debug|Any CPU
		{EEF772F5-16A3-4664-9661-669E441B52D1}.Debug|Any CPU.Build.0 = Debug|Any CPU
		{EEF772F5-16A3-4664-9661-669E441B52D1}.Release|Any CPU.ActiveCfg = Release|Any CPU
		{EEF772F5-16A3-4664-9661-669E441B52D1}.Release|Any CPU.Build.0 = Release|Any CPU
	EndGlobalSection
	GlobalSection(SolutionProperties) = preSolution
		HideSolutionNode = FALSE
	EndGlobalSection
EndGlobal
