
Microsoft Visual Studio Solution File, Format Version 11.00
# Visual Studio 2010
Project("{FAE04EC0-301F-11D3-BF4B-00C04F79EFBC}") = "ED1", "ED1\ED1.csproj", "{B8D986AD-EFB9-4427-8039-345E9CF12F54}"
EndProject
Global
	GlobalSection(SolutionConfigurationPlatforms) = preSolution
		Debug|Any CPU = Debug|Any CPU
		Release|Any CPU = Release|Any CPU
	EndGlobalSection
	GlobalSection(ProjectConfigurationPlatforms) = postSolution
		{B8D986AD-EFB9-4427-8039-345E9CF12F54}.Debug|Any CPU.ActiveCfg = Debug|Any CPU
		{B8D986AD-EFB9-4427-8039-345E9CF12F54}.Debug|Any CPU.Build.0 = Debug|Any CPU
		{B8D986AD-EFB9-4427-8039-345E9CF12F54}.Release|Any CPU.ActiveCfg = Release|Any CPU
		{B8D986AD-EFB9-4427-8039-345E9CF12F54}.Release|Any CPU.Build.0 = Release|Any CPU
	EndGlobalSection
	GlobalSection(SolutionProperties) = preSolution
		HideSolutionNode = FALSE
	EndGlobalSection
EndGlobal
