
Microsoft Visual Studio Solution File, Format Version 12.00
# Visual Studio 14
VisualStudioVersion = 14.0.23107.0
MinimumVisualStudioVersion = 10.0.40219.1
Project("{E24C65DC-7377-472B-9ABA-BC803B73C61A}") = "Aula3", "..\..\WebSites\Aula3\", "{2EC1C837-4D86-4957-B4A7-CEEC46021F83}"
	ProjectSection(WebsiteProperties) = preProject
		TargetFrameworkMoniker = ".NETFramework,Version%3Dv4.0"
		Debug.AspNetCompiler.VirtualPath = "/Aula3"
		Debug.AspNetCompiler.PhysicalPath = "..\..\WebSites\Aula3\"
		Debug.AspNetCompiler.TargetPath = "PrecompiledWeb\Aula3\"
		Debug.AspNetCompiler.Updateable = "true"
		Debug.AspNetCompiler.ForceOverwrite = "true"
		Debug.AspNetCompiler.FixedNames = "false"
		Debug.AspNetCompiler.Debug = "True"
		Release.AspNetCompiler.VirtualPath = "/Aula3"
		Release.AspNetCompiler.PhysicalPath = "..\..\WebSites\Aula3\"
		Release.AspNetCompiler.TargetPath = "PrecompiledWeb\Aula3\"
		Release.AspNetCompiler.Updateable = "true"
		Release.AspNetCompiler.ForceOverwrite = "true"
		Release.AspNetCompiler.FixedNames = "false"
		Release.AspNetCompiler.Debug = "False"
		VWDPort = "2002"
		DefaultWebSiteLanguage = "Visual C#"
	EndProjectSection
EndProject
Global
	GlobalSection(SolutionConfigurationPlatforms) = preSolution
		Debug|Any CPU = Debug|Any CPU
	EndGlobalSection
	GlobalSection(ProjectConfigurationPlatforms) = postSolution
		{2EC1C837-4D86-4957-B4A7-CEEC46021F83}.Debug|Any CPU.ActiveCfg = Debug|Any CPU
		{2EC1C837-4D86-4957-B4A7-CEEC46021F83}.Debug|Any CPU.Build.0 = Debug|Any CPU
	EndGlobalSection
	GlobalSection(SolutionProperties) = preSolution
		HideSolutionNode = FALSE
	EndGlobalSection
EndGlobal
